
Microsoft Visual Studio Solution File, Format Version 12.00
# Visual Studio 15
VisualStudioVersion = 15.0.26430.16
MinimumVisualStudioVersion = 10.0.40219.1
Project("{FAE04EC0-301F-11D3-BF4B-00C04F79EFBC}") = "ConsoleApp1-REFLECTION", "ConsoleApp1\ConsoleApp1-REFLECTION.csproj", "{EE2E0BDB-9BED-4DD8-84FA-7806DE3367E1}"
EndProject
Project("{FAE04EC0-301F-11D3-BF4B-00C04F79EFBC}") = "ConsoleApp2-WITH OVERLOADING", "ConsoleApp2\ConsoleApp2-WITH OVERLOADING.csproj", "{43698F81-4A7E-456B-8B19-FB16A68F5044}"
EndProject
Global
	GlobalSection(SolutionConfigurationPlatforms) = preSolution
		Debug|Any CPU = Debug|Any CPU
		Release|Any CPU = Release|Any CPU
	EndGlobalSection
	GlobalSection(ProjectConfigurationPlatforms) = postSolution
		{EE2E0BDB-9BED-4DD8-84FA-7806DE3367E1}.Debug|Any CPU.ActiveCfg = Debug|Any CPU
		{EE2E0BDB-9BED-4DD8-84FA-7806DE3367E1}.Debug|Any CPU.Build.0 = Debug|Any CPU
		{EE2E0BDB-9BED-4DD8-84FA-7806DE3367E1}.Release|Any CPU.ActiveCfg = Release|Any CPU
		{EE2E0BDB-9BED-4DD8-84FA-7806DE3367E1}.Release|Any CPU.Build.0 = Release|Any CPU
		{43698F81-4A7E-456B-8B19-FB16A68F5044}.Debug|Any CPU.ActiveCfg = Debug|Any CPU
		{43698F81-4A7E-456B-8B19-FB16A68F5044}.Debug|Any CPU.Build.0 = Debug|Any CPU
		{43698F81-4A7E-456B-8B19-FB16A68F5044}.Release|Any CPU.ActiveCfg = Release|Any CPU
		{43698F81-4A7E-456B-8B19-FB16A68F5044}.Release|Any CPU.Build.0 = Release|Any CPU
	EndGlobalSection
	GlobalSection(SolutionProperties) = preSolution
		HideSolutionNode = FALSE
	EndGlobalSection
EndGlobal
